
Microsoft Visual Studio Solution File, Format Version 12.00
# Visual Studio Version 17
VisualStudioVersion = 17.0.31903.59
MinimumVisualStudioVersion = 10.0.40219.1
Project("{2150E333-8FDC-42A3-9474-1A3956D46DE8}") = "src", "src", "{25D40B03-5944-4F62-93FF-B9811FA407EA}"
EndProject
Project("{2150E333-8FDC-42A3-9474-1A3956D46DE8}") = "core", "core", "{D817338B-0A5C-4043-AD4B-63CD0C48D8D6}"
EndProject
Project("{2150E333-8FDC-42A3-9474-1A3956D46DE8}") = "services", "services", "{FB567091-18FC-45FE-A581-C677464F60B5}"
EndProject
Project("{FAE04EC0-301F-11D3-BF4B-00C04F79EFBC}") = "SemanticIntel.Services.Api", "src\services\SemanticIntel.Services.Api\SemanticIntel.Services.Api.csproj", "{4729F24E-9D2A-4070-B51E-F5DAEA6643B9}"
EndProject
Project("{FAE04EC0-301F-11D3-BF4B-00C04F79EFBC}") = "SemanticIntel.Core", "src\core\SemanticIntel.Core\SemanticIntel.Core.csproj", "{DE1ABECB-5997-44A0-B18D-7B97D8AC2A3C}"
EndProject
Global
	GlobalSection(SolutionConfigurationPlatforms) = preSolution
		Debug|Any CPU = Debug|Any CPU
		Release|Any CPU = Release|Any CPU
	EndGlobalSection
	GlobalSection(SolutionProperties) = preSolution
		HideSolutionNode = FALSE
	EndGlobalSection
	GlobalSection(ProjectConfigurationPlatforms) = postSolution
		{4729F24E-9D2A-4070-B51E-F5DAEA6643B9}.Debug|Any CPU.ActiveCfg = Debug|Any CPU
		{4729F24E-9D2A-4070-B51E-F5DAEA6643B9}.Debug|Any CPU.Build.0 = Debug|Any CPU
		{4729F24E-9D2A-4070-B51E-F5DAEA6643B9}.Release|Any CPU.ActiveCfg = Release|Any CPU
		{4729F24E-9D2A-4070-B51E-F5DAEA6643B9}.Release|Any CPU.Build.0 = Release|Any CPU
		{DE1ABECB-5997-44A0-B18D-7B97D8AC2A3C}.Debug|Any CPU.ActiveCfg = Debug|Any CPU
		{DE1ABECB-5997-44A0-B18D-7B97D8AC2A3C}.Debug|Any CPU.Build.0 = Debug|Any CPU
		{DE1ABECB-5997-44A0-B18D-7B97D8AC2A3C}.Release|Any CPU.ActiveCfg = Release|Any CPU
		{DE1ABECB-5997-44A0-B18D-7B97D8AC2A3C}.Release|Any CPU.Build.0 = Release|Any CPU
	EndGlobalSection
	GlobalSection(NestedProjects) = preSolution
		{D817338B-0A5C-4043-AD4B-63CD0C48D8D6} = {25D40B03-5944-4F62-93FF-B9811FA407EA}
		{FB567091-18FC-45FE-A581-C677464F60B5} = {25D40B03-5944-4F62-93FF-B9811FA407EA}
		{4729F24E-9D2A-4070-B51E-F5DAEA6643B9} = {FB567091-18FC-45FE-A581-C677464F60B5}
		{DE1ABECB-5997-44A0-B18D-7B97D8AC2A3C} = {D817338B-0A5C-4043-AD4B-63CD0C48D8D6}
	EndGlobalSection
EndGlobal
